# This file is automatically @generated by Cargo.
# It is not intended for manual editing.
version = 3

[[package]]
name = "declarative_macros"
version = "0.1.0"

[[package]]
name = "iterators"
version = "0.1.0"

[[package]]
name = "lifetime_annotations"
version = "0.1.0"

[[package]]
name = "smart_pointers_and_interior_mutability"
version = "0.1.0"
